
Microsoft Visual Studio Solution File, Format Version 12.00
# Visual Studio Version 17
VisualStudioVersion = 17.11.35327.3
MinimumVisualStudioVersion = 10.0.40219.1
Project("{FAE04EC0-301F-11D3-BF4B-00C04F79EFBC}") = "StockExpertTelegram", "StockExpertTelegram\StockExpertTelegram.csproj", "{5EBB4AD4-26D0-4019-B506-237BF936ADC1}"
EndProject
Global
	GlobalSection(SolutionConfigurationPlatforms) = preSolution
		Debug|Any CPU = Debug|Any CPU
		Release|Any CPU = Release|Any CPU
	EndGlobalSection
	GlobalSection(ProjectConfigurationPlatforms) = postSolution
		{5EBB4AD4-26D0-4019-B506-237BF936ADC1}.Debug|Any CPU.ActiveCfg = Debug|Any CPU
		{5EBB4AD4-26D0-4019-B506-237BF936ADC1}.Debug|Any CPU.Build.0 = Debug|Any CPU
		{5EBB4AD4-26D0-4019-B506-237BF936ADC1}.Release|Any CPU.ActiveCfg = Release|Any CPU
		{5EBB4AD4-26D0-4019-B506-237BF936ADC1}.Release|Any CPU.Build.0 = Release|Any CPU
	EndGlobalSection
	GlobalSection(SolutionProperties) = preSolution
		HideSolutionNode = FALSE
	EndGlobalSection
	GlobalSection(ExtensibilityGlobals) = postSolution
		SolutionGuid = {ADCED4A9-44DD-4C83-81C7-22239972F7AA}
	EndGlobalSection
EndGlobal
